
Microsoft Visual Studio Solution File, Format Version 12.00
# Visual Studio Version 17
VisualStudioVersion = 17.8.34408.163
MinimumVisualStudioVersion = 10.0.40219.1
Project("{9A19103F-16F7-4668-BE54-9A1E7A4F7556}") = "SmedaInternalMobile", "Smeda_Internal_Mobile\SmedaInternalMobile.csproj", "{C7F5E024-E974-4057-867A-ADEA49D2FE95}"
EndProject
Project("{9A19103F-16F7-4668-BE54-9A1E7A4F7556}") = "Data", "Data\Data.csproj", "{91D47852-B197-4C14-B61D-3C54AF7CD00F}"
EndProject
Project("{9A19103F-16F7-4668-BE54-9A1E7A4F7556}") = "Logic", "Logic\Logic.csproj", "{3F2D645D-81AF-4C9D-AA78-9F094F586A6F}"
EndProject
Global
	GlobalSection(SolutionConfigurationPlatforms) = preSolution
		Debug|Any CPU = Debug|Any CPU
		Release|Any CPU = Release|Any CPU
	EndGlobalSection
	GlobalSection(ProjectConfigurationPlatforms) = postSolution
		{C7F5E024-E974-4057-867A-ADEA49D2FE95}.Debug|Any CPU.ActiveCfg = Debug|Any CPU
		{C7F5E024-E974-4057-867A-ADEA49D2FE95}.Debug|Any CPU.Build.0 = Debug|Any CPU
		{C7F5E024-E974-4057-867A-ADEA49D2FE95}.Debug|Any CPU.Deploy.0 = Debug|Any CPU
		{C7F5E024-E974-4057-867A-ADEA49D2FE95}.Release|Any CPU.ActiveCfg = Release|Any CPU
		{C7F5E024-E974-4057-867A-ADEA49D2FE95}.Release|Any CPU.Build.0 = Release|Any CPU
		{C7F5E024-E974-4057-867A-ADEA49D2FE95}.Release|Any CPU.Deploy.0 = Release|Any CPU
		{91D47852-B197-4C14-B61D-3C54AF7CD00F}.Debug|Any CPU.ActiveCfg = Debug|Any CPU
		{91D47852-B197-4C14-B61D-3C54AF7CD00F}.Debug|Any CPU.Build.0 = Debug|Any CPU
		{91D47852-B197-4C14-B61D-3C54AF7CD00F}.Release|Any CPU.ActiveCfg = Release|Any CPU
		{91D47852-B197-4C14-B61D-3C54AF7CD00F}.Release|Any CPU.Build.0 = Release|Any CPU
		{3F2D645D-81AF-4C9D-AA78-9F094F586A6F}.Debug|Any CPU.ActiveCfg = Debug|Any CPU
		{3F2D645D-81AF-4C9D-AA78-9F094F586A6F}.Debug|Any CPU.Build.0 = Debug|Any CPU
		{3F2D645D-81AF-4C9D-AA78-9F094F586A6F}.Release|Any CPU.ActiveCfg = Release|Any CPU
		{3F2D645D-81AF-4C9D-AA78-9F094F586A6F}.Release|Any CPU.Build.0 = Release|Any CPU
	EndGlobalSection
	GlobalSection(SolutionProperties) = preSolution
		HideSolutionNode = FALSE
	EndGlobalSection
	GlobalSection(ExtensibilityGlobals) = postSolution
		SolutionGuid = {D9A84E04-6D13-40CD-972D-F5AF2757D47E}
	EndGlobalSection
EndGlobal
